
Microsoft Visual Studio Solution File, Format Version 12.00
# Visual Studio Version 17
VisualStudioVersion = 17.1.32421.90
MinimumVisualStudioVersion = 10.0.40219.1
Project("{FAE04EC0-301F-11D3-BF4B-00C04F79EFBC}") = "sec4-challenge1", "sec4-challenge1\sec4-challenge1.csproj", "{D3E90AE7-C900-4392-82C6-4259D7A0EAFF}"
EndProject
Global
	GlobalSection(SolutionConfigurationPlatforms) = preSolution
		Debug|Any CPU = Debug|Any CPU
		Release|Any CPU = Release|Any CPU
	EndGlobalSection
	GlobalSection(ProjectConfigurationPlatforms) = postSolution
		{D3E90AE7-C900-4392-82C6-4259D7A0EAFF}.Debug|Any CPU.ActiveCfg = Debug|Any CPU
		{D3E90AE7-C900-4392-82C6-4259D7A0EAFF}.Debug|Any CPU.Build.0 = Debug|Any CPU
		{D3E90AE7-C900-4392-82C6-4259D7A0EAFF}.Release|Any CPU.ActiveCfg = Release|Any CPU
		{D3E90AE7-C900-4392-82C6-4259D7A0EAFF}.Release|Any CPU.Build.0 = Release|Any CPU
	EndGlobalSection
	GlobalSection(SolutionProperties) = preSolution
		HideSolutionNode = FALSE
	EndGlobalSection
	GlobalSection(ExtensibilityGlobals) = postSolution
		SolutionGuid = {A4A617E0-A3F3-46D2-B0F9-C2AAEA81A64E}
	EndGlobalSection
EndGlobal
