
Microsoft Visual Studio Solution File, Format Version 12.00
# Visual Studio Version 17
VisualStudioVersion = 17.1.32421.90
MinimumVisualStudioVersion = 10.0.40219.1
Project("{FAE04EC0-301F-11D3-BF4B-00C04F79EFBC}") = "iheritanceChallenge2", "iheritanceChallenge2\iheritanceChallenge2.csproj", "{9904436D-C3A8-4949-9D01-F5617BC28029}"
EndProject
Global
	GlobalSection(SolutionConfigurationPlatforms) = preSolution
		Debug|Any CPU = Debug|Any CPU
		Release|Any CPU = Release|Any CPU
	EndGlobalSection
	GlobalSection(ProjectConfigurationPlatforms) = postSolution
		{9904436D-C3A8-4949-9D01-F5617BC28029}.Debug|Any CPU.ActiveCfg = Debug|Any CPU
		{9904436D-C3A8-4949-9D01-F5617BC28029}.Debug|Any CPU.Build.0 = Debug|Any CPU
		{9904436D-C3A8-4949-9D01-F5617BC28029}.Release|Any CPU.ActiveCfg = Release|Any CPU
		{9904436D-C3A8-4949-9D01-F5617BC28029}.Release|Any CPU.Build.0 = Release|Any CPU
	EndGlobalSection
	GlobalSection(SolutionProperties) = preSolution
		HideSolutionNode = FALSE
	EndGlobalSection
	GlobalSection(ExtensibilityGlobals) = postSolution
		SolutionGuid = {6BACF842-C4D2-4DC6-B897-BD4F4AAAC8BC}
	EndGlobalSection
EndGlobal
