
Microsoft Visual Studio Solution File, Format Version 12.00
# Visual Studio Version 17
VisualStudioVersion = 17.1.32421.90
MinimumVisualStudioVersion = 10.0.40219.1
Project("{FAE04EC0-301F-11D3-BF4B-00C04F79EFBC}") = "paramsTest", "params\paramsTest.csproj", "{77A76297-E8CC-4B64-AA9B-C4FBA3E1842B}"
EndProject
Global
	GlobalSection(SolutionConfigurationPlatforms) = preSolution
		Debug|Any CPU = Debug|Any CPU
		Release|Any CPU = Release|Any CPU
	EndGlobalSection
	GlobalSection(ProjectConfigurationPlatforms) = postSolution
		{77A76297-E8CC-4B64-AA9B-C4FBA3E1842B}.Debug|Any CPU.ActiveCfg = Debug|Any CPU
		{77A76297-E8CC-4B64-AA9B-C4FBA3E1842B}.Debug|Any CPU.Build.0 = Debug|Any CPU
		{77A76297-E8CC-4B64-AA9B-C4FBA3E1842B}.Release|Any CPU.ActiveCfg = Release|Any CPU
		{77A76297-E8CC-4B64-AA9B-C4FBA3E1842B}.Release|Any CPU.Build.0 = Release|Any CPU
	EndGlobalSection
	GlobalSection(SolutionProperties) = preSolution
		HideSolutionNode = FALSE
	EndGlobalSection
	GlobalSection(ExtensibilityGlobals) = postSolution
		SolutionGuid = {9374C420-FE04-4FDF-B543-F732E7B6C2E5}
	EndGlobalSection
EndGlobal
