
Microsoft Visual Studio Solution File, Format Version 12.00
# Visual Studio Version 17
VisualStudioVersion = 17.1.32421.90
MinimumVisualStudioVersion = 10.0.40219.1
Project("{FAE04EC0-301F-11D3-BF4B-00C04F79EFBC}") = "switch", "switch\switch.csproj", "{1136A7E0-8ED9-40F8-9BBD-E6680C0C548F}"
EndProject
Global
	GlobalSection(SolutionConfigurationPlatforms) = preSolution
		Debug|Any CPU = Debug|Any CPU
		Release|Any CPU = Release|Any CPU
	EndGlobalSection
	GlobalSection(ProjectConfigurationPlatforms) = postSolution
		{1136A7E0-8ED9-40F8-9BBD-E6680C0C548F}.Debug|Any CPU.ActiveCfg = Debug|Any CPU
		{1136A7E0-8ED9-40F8-9BBD-E6680C0C548F}.Debug|Any CPU.Build.0 = Debug|Any CPU
		{1136A7E0-8ED9-40F8-9BBD-E6680C0C548F}.Release|Any CPU.ActiveCfg = Release|Any CPU
		{1136A7E0-8ED9-40F8-9BBD-E6680C0C548F}.Release|Any CPU.Build.0 = Release|Any CPU
	EndGlobalSection
	GlobalSection(SolutionProperties) = preSolution
		HideSolutionNode = FALSE
	EndGlobalSection
	GlobalSection(ExtensibilityGlobals) = postSolution
		SolutionGuid = {1B020B91-24AB-4782-90F9-A737A72D8E29}
	EndGlobalSection
EndGlobal
