
Microsoft Visual Studio Solution File, Format Version 12.00
# Visual Studio Version 17
VisualStudioVersion = 17.1.32421.90
MinimumVisualStudioVersion = 10.0.40219.1
Project("{FAE04EC0-301F-11D3-BF4B-00C04F79EFBC}") = "collectionsArrayList", "collectionsTest\collectionsArrayList.csproj", "{CC2252D6-FE14-4137-8716-392363C00816}"
EndProject
Global
	GlobalSection(SolutionConfigurationPlatforms) = preSolution
		Debug|Any CPU = Debug|Any CPU
		Release|Any CPU = Release|Any CPU
	EndGlobalSection
	GlobalSection(ProjectConfigurationPlatforms) = postSolution
		{CC2252D6-FE14-4137-8716-392363C00816}.Debug|Any CPU.ActiveCfg = Debug|Any CPU
		{CC2252D6-FE14-4137-8716-392363C00816}.Debug|Any CPU.Build.0 = Debug|Any CPU
		{CC2252D6-FE14-4137-8716-392363C00816}.Release|Any CPU.ActiveCfg = Release|Any CPU
		{CC2252D6-FE14-4137-8716-392363C00816}.Release|Any CPU.Build.0 = Release|Any CPU
	EndGlobalSection
	GlobalSection(SolutionProperties) = preSolution
		HideSolutionNode = FALSE
	EndGlobalSection
	GlobalSection(ExtensibilityGlobals) = postSolution
		SolutionGuid = {DD994441-C05B-4AD9-9C60-4E2AAE124FAB}
	EndGlobalSection
EndGlobal
