
Microsoft Visual Studio Solution File, Format Version 12.00
# Visual Studio Version 17
VisualStudioVersion = 17.1.32421.90
MinimumVisualStudioVersion = 10.0.40219.1
Project("{FAE04EC0-301F-11D3-BF4B-00C04F79EFBC}") = "constants", "constants\constants.csproj", "{4EB279EE-CEF4-48D6-BDCA-52D99F3F2D1F}"
EndProject
Global
	GlobalSection(SolutionConfigurationPlatforms) = preSolution
		Debug|Any CPU = Debug|Any CPU
		Release|Any CPU = Release|Any CPU
	EndGlobalSection
	GlobalSection(ProjectConfigurationPlatforms) = postSolution
		{4EB279EE-CEF4-48D6-BDCA-52D99F3F2D1F}.Debug|Any CPU.ActiveCfg = Debug|Any CPU
		{4EB279EE-CEF4-48D6-BDCA-52D99F3F2D1F}.Debug|Any CPU.Build.0 = Debug|Any CPU
		{4EB279EE-CEF4-48D6-BDCA-52D99F3F2D1F}.Release|Any CPU.ActiveCfg = Release|Any CPU
		{4EB279EE-CEF4-48D6-BDCA-52D99F3F2D1F}.Release|Any CPU.Build.0 = Release|Any CPU
	EndGlobalSection
	GlobalSection(SolutionProperties) = preSolution
		HideSolutionNode = FALSE
	EndGlobalSection
	GlobalSection(ExtensibilityGlobals) = postSolution
		SolutionGuid = {C52DEFAC-F7CB-487A-8B36-FA8FBB3C1D31}
	EndGlobalSection
EndGlobal
