
Microsoft Visual Studio Solution File, Format Version 12.00
# Visual Studio Version 17
VisualStudioVersion = 17.1.32421.90
MinimumVisualStudioVersion = 10.0.40219.1
Project("{FAE04EC0-301F-11D3-BF4B-00C04F79EFBC}") = "breakAndContinue", "breakAndContinue\breakAndContinue.csproj", "{EA76735C-B266-4628-9D18-8F752D76D721}"
EndProject
Global
	GlobalSection(SolutionConfigurationPlatforms) = preSolution
		Debug|Any CPU = Debug|Any CPU
		Release|Any CPU = Release|Any CPU
	EndGlobalSection
	GlobalSection(ProjectConfigurationPlatforms) = postSolution
		{EA76735C-B266-4628-9D18-8F752D76D721}.Debug|Any CPU.ActiveCfg = Debug|Any CPU
		{EA76735C-B266-4628-9D18-8F752D76D721}.Debug|Any CPU.Build.0 = Debug|Any CPU
		{EA76735C-B266-4628-9D18-8F752D76D721}.Release|Any CPU.ActiveCfg = Release|Any CPU
		{EA76735C-B266-4628-9D18-8F752D76D721}.Release|Any CPU.Build.0 = Release|Any CPU
	EndGlobalSection
	GlobalSection(SolutionProperties) = preSolution
		HideSolutionNode = FALSE
	EndGlobalSection
	GlobalSection(ExtensibilityGlobals) = postSolution
		SolutionGuid = {F3CF0843-C47D-4602-BE90-97BE474790E4}
	EndGlobalSection
EndGlobal
