
Microsoft Visual Studio Solution File, Format Version 12.00
# Visual Studio Version 17
VisualStudioVersion = 17.1.32421.90
MinimumVisualStudioVersion = 10.0.40219.1
Project("{FAE04EC0-301F-11D3-BF4B-00C04F79EFBC}") = "chap2-challenge3", "chap2-challenge3\chap2-challenge3.csproj", "{D6F8B2FD-E185-4425-9097-80145CFFD60D}"
EndProject
Global
	GlobalSection(SolutionConfigurationPlatforms) = preSolution
		Debug|Any CPU = Debug|Any CPU
		Release|Any CPU = Release|Any CPU
	EndGlobalSection
	GlobalSection(ProjectConfigurationPlatforms) = postSolution
		{D6F8B2FD-E185-4425-9097-80145CFFD60D}.Debug|Any CPU.ActiveCfg = Debug|Any CPU
		{D6F8B2FD-E185-4425-9097-80145CFFD60D}.Debug|Any CPU.Build.0 = Debug|Any CPU
		{D6F8B2FD-E185-4425-9097-80145CFFD60D}.Release|Any CPU.ActiveCfg = Release|Any CPU
		{D6F8B2FD-E185-4425-9097-80145CFFD60D}.Release|Any CPU.Build.0 = Release|Any CPU
	EndGlobalSection
	GlobalSection(SolutionProperties) = preSolution
		HideSolutionNode = FALSE
	EndGlobalSection
	GlobalSection(ExtensibilityGlobals) = postSolution
		SolutionGuid = {1804471B-ED54-4506-A090-2DC1D0494825}
	EndGlobalSection
EndGlobal
