
Microsoft Visual Studio Solution File, Format Version 12.00
# Visual Studio Version 17
VisualStudioVersion = 17.1.32421.90
MinimumVisualStudioVersion = 10.0.40219.1
Project("{FAE04EC0-301F-11D3-BF4B-00C04F79EFBC}") = "sec4-challenge3", "sec4-challenge3\sec4-challenge3.csproj", "{1AAC0304-A28C-4202-99ED-0951A3F2A231}"
EndProject
Global
	GlobalSection(SolutionConfigurationPlatforms) = preSolution
		Debug|Any CPU = Debug|Any CPU
		Release|Any CPU = Release|Any CPU
	EndGlobalSection
	GlobalSection(ProjectConfigurationPlatforms) = postSolution
		{1AAC0304-A28C-4202-99ED-0951A3F2A231}.Debug|Any CPU.ActiveCfg = Debug|Any CPU
		{1AAC0304-A28C-4202-99ED-0951A3F2A231}.Debug|Any CPU.Build.0 = Debug|Any CPU
		{1AAC0304-A28C-4202-99ED-0951A3F2A231}.Release|Any CPU.ActiveCfg = Release|Any CPU
		{1AAC0304-A28C-4202-99ED-0951A3F2A231}.Release|Any CPU.Build.0 = Release|Any CPU
	EndGlobalSection
	GlobalSection(SolutionProperties) = preSolution
		HideSolutionNode = FALSE
	EndGlobalSection
	GlobalSection(ExtensibilityGlobals) = postSolution
		SolutionGuid = {C2ABED36-5153-4025-B2E7-D6EA20DB2ADE}
	EndGlobalSection
EndGlobal
