
Microsoft Visual Studio Solution File, Format Version 12.00
# Visual Studio Version 17
VisualStudioVersion = 17.1.32421.90
MinimumVisualStudioVersion = 10.0.40219.1
Project("{FAE04EC0-301F-11D3-BF4B-00C04F79EFBC}") = "polymorphismTest", "polymorphismTest\polymorphismTest.csproj", "{48057F23-31BA-4CB7-8121-9906C08396CF}"
EndProject
Global
	GlobalSection(SolutionConfigurationPlatforms) = preSolution
		Debug|Any CPU = Debug|Any CPU
		Release|Any CPU = Release|Any CPU
	EndGlobalSection
	GlobalSection(ProjectConfigurationPlatforms) = postSolution
		{48057F23-31BA-4CB7-8121-9906C08396CF}.Debug|Any CPU.ActiveCfg = Debug|Any CPU
		{48057F23-31BA-4CB7-8121-9906C08396CF}.Debug|Any CPU.Build.0 = Debug|Any CPU
		{48057F23-31BA-4CB7-8121-9906C08396CF}.Release|Any CPU.ActiveCfg = Release|Any CPU
		{48057F23-31BA-4CB7-8121-9906C08396CF}.Release|Any CPU.Build.0 = Release|Any CPU
	EndGlobalSection
	GlobalSection(SolutionProperties) = preSolution
		HideSolutionNode = FALSE
	EndGlobalSection
	GlobalSection(ExtensibilityGlobals) = postSolution
		SolutionGuid = {167423F1-4E4E-4D62-8295-1EC8C4DB7621}
	EndGlobalSection
EndGlobal
