
Microsoft Visual Studio Solution File, Format Version 12.00
# Visual Studio Version 17
VisualStudioVersion = 17.1.32421.90
MinimumVisualStudioVersion = 10.0.40219.1
Project("{FAE04EC0-301F-11D3-BF4B-00C04F79EFBC}") = "inheritance", "inheritance\inheritance.csproj", "{C7A67B20-C004-4F64-976C-B4C42C0F1B2D}"
EndProject
Global
	GlobalSection(SolutionConfigurationPlatforms) = preSolution
		Debug|Any CPU = Debug|Any CPU
		Release|Any CPU = Release|Any CPU
	EndGlobalSection
	GlobalSection(ProjectConfigurationPlatforms) = postSolution
		{C7A67B20-C004-4F64-976C-B4C42C0F1B2D}.Debug|Any CPU.ActiveCfg = Debug|Any CPU
		{C7A67B20-C004-4F64-976C-B4C42C0F1B2D}.Debug|Any CPU.Build.0 = Debug|Any CPU
		{C7A67B20-C004-4F64-976C-B4C42C0F1B2D}.Release|Any CPU.ActiveCfg = Release|Any CPU
		{C7A67B20-C004-4F64-976C-B4C42C0F1B2D}.Release|Any CPU.Build.0 = Release|Any CPU
	EndGlobalSection
	GlobalSection(SolutionProperties) = preSolution
		HideSolutionNode = FALSE
	EndGlobalSection
	GlobalSection(ExtensibilityGlobals) = postSolution
		SolutionGuid = {2448D75B-4C39-4B1F-AF62-ECA4C932EE69}
	EndGlobalSection
EndGlobal
